
Microsoft Visual Studio Solution File, Format Version 12.00
# Visual Studio Version 17
VisualStudioVersion = 17.14.37216.2 d17.14
MinimumVisualStudioVersion = 10.0.40219.1
Project("{FAE04EC0-301F-11D3-BF4B-00C04F79EFBC}") = "ExamControl3", "ExamControl3.csproj", "{EB54944B-9FE6-45F9-ADF7-7618D74E9E3B}"
EndProject
Global
	GlobalSection(SolutionConfigurationPlatforms) = preSolution
		Debug|Any CPU = Debug|Any CPU
		Release|Any CPU = Release|Any CPU
	EndGlobalSection
	GlobalSection(ProjectConfigurationPlatforms) = postSolution
		{EB54944B-9FE6-45F9-ADF7-7618D74E9E3B}.Debug|Any CPU.ActiveCfg = Debug|Any CPU
		{EB54944B-9FE6-45F9-ADF7-7618D74E9E3B}.Debug|Any CPU.Build.0 = Debug|Any CPU
		{EB54944B-9FE6-45F9-ADF7-7618D74E9E3B}.Release|Any CPU.ActiveCfg = Release|Any CPU
		{EB54944B-9FE6-45F9-ADF7-7618D74E9E3B}.Release|Any CPU.Build.0 = Release|Any CPU
	EndGlobalSection
	GlobalSection(SolutionProperties) = preSolution
		HideSolutionNode = FALSE
	EndGlobalSection
	GlobalSection(ExtensibilityGlobals) = postSolution
		SolutionGuid = {E93DC81A-050D-4C2D-B5D0-F0C5AE2C814A}
	EndGlobalSection
EndGlobal
